
Microsoft Visual Studio Solution File, Format Version 12.00
# Visual Studio Version 17
VisualStudioVersion = 17.8.34322.80
MinimumVisualStudioVersion = 10.0.40219.1
Project("{FAE04EC0-301F-11D3-BF4B-00C04F79EFBC}") = "PinballKnockout", "PinballKnockout.csproj", "{CFE3C013-28EC-4C08-B2AB-689DD34E7E8A}"
EndProject
Global
	GlobalSection(SolutionConfigurationPlatforms) = preSolution
		Debug|Any CPU = Debug|Any CPU
		Release|Any CPU = Release|Any CPU
	EndGlobalSection
	GlobalSection(ProjectConfigurationPlatforms) = postSolution
		{CFE3C013-28EC-4C08-B2AB-689DD34E7E8A}.Debug|Any CPU.ActiveCfg = Debug|Any CPU
		{CFE3C013-28EC-4C08-B2AB-689DD34E7E8A}.Debug|Any CPU.Build.0 = Debug|Any CPU
		{CFE3C013-28EC-4C08-B2AB-689DD34E7E8A}.Release|Any CPU.ActiveCfg = Release|Any CPU
		{CFE3C013-28EC-4C08-B2AB-689DD34E7E8A}.Release|Any CPU.Build.0 = Release|Any CPU
	EndGlobalSection
	GlobalSection(SolutionProperties) = preSolution
		HideSolutionNode = FALSE
	EndGlobalSection
	GlobalSection(ExtensibilityGlobals) = postSolution
		SolutionGuid = {E72E3CDC-2D65-42FD-AB9D-18DF96CCF24B}
	EndGlobalSection
EndGlobal
